
Microsoft Visual Studio Solution File, Format Version 12.00
# Visual Studio Version 16
VisualStudioVersion = 16.0.31727.386
MinimumVisualStudioVersion = 10.0.40219.1
Project("{888888A0-9F3D-457C-B088-3A5042F75D52}") = "hour_min_delta-2", "hour_min_delta-2.pyproj", "{A8DC336C-9453-4189-AD45-B211D03024CF}"
EndProject
Global
	GlobalSection(SolutionConfigurationPlatforms) = preSolution
		Debug|Any CPU = Debug|Any CPU
		Release|Any CPU = Release|Any CPU
	EndGlobalSection
	GlobalSection(ProjectConfigurationPlatforms) = postSolution
		{A8DC336C-9453-4189-AD45-B211D03024CF}.Debug|Any CPU.ActiveCfg = Debug|Any CPU
		{A8DC336C-9453-4189-AD45-B211D03024CF}.Release|Any CPU.ActiveCfg = Release|Any CPU
	EndGlobalSection
	GlobalSection(SolutionProperties) = preSolution
		HideSolutionNode = FALSE
	EndGlobalSection
	GlobalSection(ExtensibilityGlobals) = postSolution
		SolutionGuid = {ADC59868-007A-4771-A8DD-E0B90EAD421B}
	EndGlobalSection
EndGlobal
